// !$*UTF8*$!
{
	archiveVersion = 1;
	classes = {
	};
	objectVersion = 56;
	objects = {

/* Begin PBXBuildFile section */
		3549201F2A22D29B0070C5A8 /* fittedV1App.swift in Sources */ = {isa = PBXBuildFile; fileRef = 3549201E2A22D29B0070C5A8 /* fittedV1App.swift */; };
		354920212A22D29B0070C5A8 /* ContentView.swift in Sources */ = {isa = PBXBuildFile; fileRef = 354920202A22D29B0070C5A8 /* ContentView.swift */; };
		354920232A22D2A00070C5A8 /* Assets.xcassets in Resources */ = {isa = PBXBuildFile; fileRef = 354920222A22D2A00070C5A8 /* Assets.xcassets */; };
		354920262A22D2A00070C5A8 /* Preview Assets.xcassets in Resources */ = {isa = PBXBuildFile; fileRef = 354920252A22D2A00070C5A8 /* Preview Assets.xcassets */; };
		354920302A22D2A10070C5A8 /* fittedV1Tests.swift in Sources */ = {isa = PBXBuildFile; fileRef = 3549202F2A22D2A10070C5A8 /* fittedV1Tests.swift */; };
		3549203A2A22D2A10070C5A8 /* fittedV1UITests.swift in Sources */ = {isa = PBXBuildFile; fileRef = 354920392A22D2A10070C5A8 /* fittedV1UITests.swift */; };
		3549203C2A22D2A10070C5A8 /* fittedV1UITestsLaunchTests.swift in Sources */ = {isa = PBXBuildFile; fileRef = 3549203B2A22D2A10070C5A8 /* fittedV1UITestsLaunchTests.swift */; };
		354920552A22D49A0070C5A8 /* FeedView.swift in Sources */ = {isa = PBXBuildFile; fileRef = 354920542A22D49A0070C5A8 /* FeedView.swift */; };
		354920582A22D68F0070C5A8 /* TweetsRowView.swift in Sources */ = {isa = PBXBuildFile; fileRef = 354920572A22D68F0070C5A8 /* TweetsRowView.swift */; };
		3549205B2A22E63C0070C5A8 /* MainTabView.swift in Sources */ = {isa = PBXBuildFile; fileRef = 3549205A2A22E63C0070C5A8 /* MainTabView.swift */; };
		354920612A22E89B0070C5A8 /* ExploreView.swift in Sources */ = {isa = PBXBuildFile; fileRef = 354920602A22E89B0070C5A8 /* ExploreView.swift */; };
		354920652A22E9170070C5A8 /* MessagesView.swift in Sources */ = {isa = PBXBuildFile; fileRef = 354920642A22E9170070C5A8 /* MessagesView.swift */; };
		354920682A22EA550070C5A8 /* NotificationsView.swift in Sources */ = {isa = PBXBuildFile; fileRef = 354920672A22EA550070C5A8 /* NotificationsView.swift */; };
		3549206C2A22EC210070C5A8 /* ProfileView.swift in Sources */ = {isa = PBXBuildFile; fileRef = 3549206B2A22EC210070C5A8 /* ProfileView.swift */; };
		35AC97CC2A2412670064FA39 /* SideMenuView.swift in Sources */ = {isa = PBXBuildFile; fileRef = 35AC97CB2A2412670064FA39 /* SideMenuView.swift */; };
		35AC97D02A2412860064FA39 /* SideMenuViewModel.swift in Sources */ = {isa = PBXBuildFile; fileRef = 35AC97CF2A2412860064FA39 /* SideMenuViewModel.swift */; };
		35AC97D22A2415460064FA39 /* UserStatsView.swift in Sources */ = {isa = PBXBuildFile; fileRef = 35AC97D12A2415460064FA39 /* UserStatsView.swift */; };
		35AC97D42A243A990064FA39 /* SideMenuOptionRowView.swift in Sources */ = {isa = PBXBuildFile; fileRef = 35AC97D32A243A990064FA39 /* SideMenuOptionRowView.swift */; };
		35C199AB2A230E3500D71CB3 /* TweetFilterViewModel.swift in Sources */ = {isa = PBXBuildFile; fileRef = 35C199AA2A230E3500D71CB3 /* TweetFilterViewModel.swift */; };
		35C199B02A231E5200D71CB3 /* UserRowView.swift in Sources */ = {isa = PBXBuildFile; fileRef = 35C199AF2A231E5200D71CB3 /* UserRowView.swift */; };
/* End PBXBuildFile section */

/* Begin PBXContainerItemProxy section */
		3549202C2A22D2A10070C5A8 /* PBXContainerItemProxy */ = {
			isa = PBXContainerItemProxy;
			containerPortal = 354920132A22D29B0070C5A8 /* Project object */;
			proxyType = 1;
			remoteGlobalIDString = 3549201A2A22D29B0070C5A8;
			remoteInfo = fittedV1;
		};
		354920362A22D2A10070C5A8 /* PBXContainerItemProxy */ = {
			isa = PBXContainerItemProxy;
			containerPortal = 354920132A22D29B0070C5A8 /* Project object */;
			proxyType = 1;
			remoteGlobalIDString = 3549201A2A22D29B0070C5A8;
			remoteInfo = fittedV1;
		};
/* End PBXContainerItemProxy section */

/* Begin PBXFileReference section */
		3549201B2A22D29B0070C5A8 /* fittedV1.app */ = {isa = PBXFileReference; explicitFileType = wrapper.application; includeInIndex = 0; path = fittedV1.app; sourceTree = BUILT_PRODUCTS_DIR; };
		3549201E2A22D29B0070C5A8 /* fittedV1App.swift */ = {isa = PBXFileReference; lastKnownFileType = sourcecode.swift; path = fittedV1App.swift; sourceTree = "<group>"; };
		354920202A22D29B0070C5A8 /* ContentView.swift */ = {isa = PBXFileReference; lastKnownFileType = sourcecode.swift; path = ContentView.swift; sourceTree = "<group>"; };
		354920222A22D2A00070C5A8 /* Assets.xcassets */ = {isa = PBXFileReference; lastKnownFileType = folder.assetcatalog; path = Assets.xcassets; sourceTree = "<group>"; };
		354920252A22D2A00070C5A8 /* Preview Assets.xcassets */ = {isa = PBXFileReference; lastKnownFileType = folder.assetcatalog; path = "Preview Assets.xcassets"; sourceTree = "<group>"; };
		3549202B2A22D2A10070C5A8 /* fittedV1Tests.xctest */ = {isa = PBXFileReference; explicitFileType = wrapper.cfbundle; includeInIndex = 0; path = fittedV1Tests.xctest; sourceTree = BUILT_PRODUCTS_DIR; };
		3549202F2A22D2A10070C5A8 /* fittedV1Tests.swift */ = {isa = PBXFileReference; lastKnownFileType = sourcecode.swift; path = fittedV1Tests.swift; sourceTree = "<group>"; };
		354920352A22D2A10070C5A8 /* fittedV1UITests.xctest */ = {isa = PBXFileReference; explicitFileType = wrapper.cfbundle; includeInIndex = 0; path = fittedV1UITests.xctest; sourceTree = BUILT_PRODUCTS_DIR; };
		354920392A22D2A10070C5A8 /* fittedV1UITests.swift */ = {isa = PBXFileReference; lastKnownFileType = sourcecode.swift; path = fittedV1UITests.swift; sourceTree = "<group>"; };
		3549203B2A22D2A10070C5A8 /* fittedV1UITestsLaunchTests.swift */ = {isa = PBXFileReference; lastKnownFileType = sourcecode.swift; path = fittedV1UITestsLaunchTests.swift; sourceTree = "<group>"; };
		354920542A22D49A0070C5A8 /* FeedView.swift */ = {isa = PBXFileReference; lastKnownFileType = sourcecode.swift; path = FeedView.swift; sourceTree = "<group>"; };
		354920572A22D68F0070C5A8 /* TweetsRowView.swift */ = {isa = PBXFileReference; lastKnownFileType = sourcecode.swift; path = TweetsRowView.swift; sourceTree = "<group>"; };
		3549205A2A22E63C0070C5A8 /* MainTabView.swift */ = {isa = PBXFileReference; lastKnownFileType = sourcecode.swift; path = MainTabView.swift; sourceTree = "<group>"; };
		354920602A22E89B0070C5A8 /* ExploreView.swift */ = {isa = PBXFileReference; lastKnownFileType = sourcecode.swift; path = ExploreView.swift; sourceTree = "<group>"; };
		354920642A22E9170070C5A8 /* MessagesView.swift */ = {isa = PBXFileReference; lastKnownFileType = sourcecode.swift; path = MessagesView.swift; sourceTree = "<group>"; };
		354920672A22EA550070C5A8 /* NotificationsView.swift */ = {isa = PBXFileReference; lastKnownFileType = sourcecode.swift; path = NotificationsView.swift; sourceTree = "<group>"; };
		3549206B2A22EC210070C5A8 /* ProfileView.swift */ = {isa = PBXFileReference; lastKnownFileType = sourcecode.swift; path = ProfileView.swift; sourceTree = "<group>"; };
		35AC97CB2A2412670064FA39 /* SideMenuView.swift */ = {isa = PBXFileReference; lastKnownFileType = sourcecode.swift; path = SideMenuView.swift; sourceTree = "<group>"; };
		35AC97CF2A2412860064FA39 /* SideMenuViewModel.swift */ = {isa = PBXFileReference; lastKnownFileType = sourcecode.swift; path = SideMenuViewModel.swift; sourceTree = "<group>"; };
		35AC97D12A2415460064FA39 /* UserStatsView.swift */ = {isa = PBXFileReference; lastKnownFileType = sourcecode.swift; path = UserStatsView.swift; sourceTree = "<group>"; };
		35AC97D32A243A990064FA39 /* SideMenuOptionRowView.swift */ = {isa = PBXFileReference; lastKnownFileType = sourcecode.swift; path = SideMenuOptionRowView.swift; sourceTree = "<group>"; };
		35C199AA2A230E3500D71CB3 /* TweetFilterViewModel.swift */ = {isa = PBXFileReference; lastKnownFileType = sourcecode.swift; path = TweetFilterViewModel.swift; sourceTree = "<group>"; };
		35C199AF2A231E5200D71CB3 /* UserRowView.swift */ = {isa = PBXFileReference; lastKnownFileType = sourcecode.swift; path = UserRowView.swift; sourceTree = "<group>"; };
/* End PBXFileReference section */

/* Begin PBXFrameworksBuildPhase section */
		354920182A22D29B0070C5A8 /* Frameworks */ = {
			isa = PBXFrameworksBuildPhase;
			buildActionMask = 2147483647;
			files = (
			);
			runOnlyForDeploymentPostprocessing = 0;
		};
		354920282A22D2A10070C5A8 /* Frameworks */ = {
			isa = PBXFrameworksBuildPhase;
			buildActionMask = 2147483647;
			files = (
			);
			runOnlyForDeploymentPostprocessing = 0;
		};
		354920322A22D2A10070C5A8 /* Frameworks */ = {
			isa = PBXFrameworksBuildPhase;
			buildActionMask = 2147483647;
			files = (
			);
			runOnlyForDeploymentPostprocessing = 0;
		};
/* End PBXFrameworksBuildPhase section */

/* Begin PBXGroup section */
		354920122A22D29B0070C5A8 = {
			isa = PBXGroup;
			children = (
				3549201D2A22D29B0070C5A8 /* fittedV1 */,
				3549202E2A22D2A10070C5A8 /* fittedV1Tests */,
				354920382A22D2A10070C5A8 /* fittedV1UITests */,
				3549201C2A22D29B0070C5A8 /* Products */,
			);
			sourceTree = "<group>";
		};
		3549201C2A22D29B0070C5A8 /* Products */ = {
			isa = PBXGroup;
			children = (
				3549201B2A22D29B0070C5A8 /* fittedV1.app */,
				3549202B2A22D2A10070C5A8 /* fittedV1Tests.xctest */,
				354920352A22D2A10070C5A8 /* fittedV1UITests.xctest */,
			);
			name = Products;
			sourceTree = "<group>";
		};
		3549201D2A22D29B0070C5A8 /* fittedV1 */ = {
			isa = PBXGroup;
			children = (
				3549204B2A22D3120070C5A8 /* Extensions */,
				3549204C2A22D35F0070C5A8 /* Model */,
				3549204E2A22D3760070C5A8 /* Service */,
				3549204F2A22D37F0070C5A8 /* Core */,
				3549201E2A22D29B0070C5A8 /* fittedV1App.swift */,
				354920202A22D29B0070C5A8 /* ContentView.swift */,
				354920222A22D2A00070C5A8 /* Assets.xcassets */,
				354920242A22D2A00070C5A8 /* Preview Content */,
			);
			path = fittedV1;
			sourceTree = "<group>";
		};
		354920242A22D2A00070C5A8 /* Preview Content */ = {
			isa = PBXGroup;
			children = (
				354920252A22D2A00070C5A8 /* Preview Assets.xcassets */,
			);
			path = "Preview Content";
			sourceTree = "<group>";
		};
		3549202E2A22D2A10070C5A8 /* fittedV1Tests */ = {
			isa = PBXGroup;
			children = (
				3549202F2A22D2A10070C5A8 /* fittedV1Tests.swift */,
			);
			path = fittedV1Tests;
			sourceTree = "<group>";
		};
		354920382A22D2A10070C5A8 /* fittedV1UITests */ = {
			isa = PBXGroup;
			children = (
				354920392A22D2A10070C5A8 /* fittedV1UITests.swift */,
				3549203B2A22D2A10070C5A8 /* fittedV1UITestsLaunchTests.swift */,
			);
			path = fittedV1UITests;
			sourceTree = "<group>";
		};
		3549204B2A22D3120070C5A8 /* Extensions */ = {
			isa = PBXGroup;
			children = (
			);
			path = Extensions;
			sourceTree = "<group>";
		};
		3549204C2A22D35F0070C5A8 /* Model */ = {
			isa = PBXGroup;
			children = (
			);
			path = Model;
			sourceTree = "<group>";
		};
		3549204E2A22D3760070C5A8 /* Service */ = {
			isa = PBXGroup;
			children = (
			);
			path = Service;
			sourceTree = "<group>";
		};
		3549204F2A22D37F0070C5A8 /* Core */ = {
			isa = PBXGroup;
			children = (
				354920502A22D38F0070C5A8 /* Components */,
				35AC97C82A24122D0064FA39 /* SideMenu */,
				3549205C2A22E8390070C5A8 /* Profile */,
				3549205F2A22E8430070C5A8 /* Explore */,
				354920662A22EA270070C5A8 /* Notifications */,
				3549205D2A22E83B0070C5A8 /* Messages */,
				354920592A22E6200070C5A8 /* Main Tab */,
				354920512A22D39A0070C5A8 /* Feed */,
			);
			path = Core;
			sourceTree = "<group>";
		};
		354920502A22D38F0070C5A8 /* Components */ = {
			isa = PBXGroup;
			children = (
				35C199AE2A231E3C00D71CB3 /* Users */,
				354920562A22D5B70070C5A8 /* Tweets */,
			);
			path = Components;
			sourceTree = "<group>";
		};
		354920512A22D39A0070C5A8 /* Feed */ = {
			isa = PBXGroup;
			children = (
				354920522A22D3D30070C5A8 /* ViewModels */,
				354920532A22D3EA0070C5A8 /* View */,
			);
			path = Feed;
			sourceTree = "<group>";
		};
		354920522A22D3D30070C5A8 /* ViewModels */ = {
			isa = PBXGroup;
			children = (
			);
			path = ViewModels;
			sourceTree = "<group>";
		};
		354920532A22D3EA0070C5A8 /* View */ = {
			isa = PBXGroup;
			children = (
				354920542A22D49A0070C5A8 /* FeedView.swift */,
			);
			path = View;
			sourceTree = "<group>";
		};
		354920562A22D5B70070C5A8 /* Tweets */ = {
			isa = PBXGroup;
			children = (
				354920572A22D68F0070C5A8 /* TweetsRowView.swift */,
			);
			path = Tweets;
			sourceTree = "<group>";
		};
		354920592A22E6200070C5A8 /* Main Tab */ = {
			isa = PBXGroup;
			children = (
				3549205A2A22E63C0070C5A8 /* MainTabView.swift */,
			);
			path = "Main Tab";
			sourceTree = "<group>";
		};
		3549205C2A22E8390070C5A8 /* Profile */ = {
			isa = PBXGroup;
			children = (
				3549206A2A22EC050070C5A8 /* Views */,
				354920692A22EBFD0070C5A8 /* ViewModels */,
			);
			path = Profile;
			sourceTree = "<group>";
		};
		3549205D2A22E83B0070C5A8 /* Messages */ = {
			isa = PBXGroup;
			children = (
				354920642A22E9170070C5A8 /* MessagesView.swift */,
			);
			path = Messages;
			sourceTree = "<group>";
		};
		3549205F2A22E8430070C5A8 /* Explore */ = {
			isa = PBXGroup;
			children = (
				35C199AD2A231E2A00D71CB3 /* ViewModels */,
				35C199AC2A231E2300D71CB3 /* Views */,
				354920602A22E89B0070C5A8 /* ExploreView.swift */,
			);
			path = Explore;
			sourceTree = "<group>";
		};
		354920662A22EA270070C5A8 /* Notifications */ = {
			isa = PBXGroup;
			children = (
				354920672A22EA550070C5A8 /* NotificationsView.swift */,
			);
			path = Notifications;
			sourceTree = "<group>";
		};
		354920692A22EBFD0070C5A8 /* ViewModels */ = {
			isa = PBXGroup;
			children = (
				35C199AA2A230E3500D71CB3 /* TweetFilterViewModel.swift */,
			);
			path = ViewModels;
			sourceTree = "<group>";
		};
		3549206A2A22EC050070C5A8 /* Views */ = {
			isa = PBXGroup;
			children = (
				3549206B2A22EC210070C5A8 /* ProfileView.swift */,
			);
			path = Views;
			sourceTree = "<group>";
		};
		35AC97C82A24122D0064FA39 /* SideMenu */ = {
			isa = PBXGroup;
			children = (
				35AC97CA2A2412520064FA39 /* Views */,
				35AC97C92A2412480064FA39 /* ViewModel */,
			);
			path = SideMenu;
			sourceTree = "<group>";
		};
		35AC97C92A2412480064FA39 /* ViewModel */ = {
			isa = PBXGroup;
			children = (
				35AC97CF2A2412860064FA39 /* SideMenuViewModel.swift */,
			);
			path = ViewModel;
			sourceTree = "<group>";
		};
		35AC97CA2A2412520064FA39 /* Views */ = {
			isa = PBXGroup;
			children = (
				35AC97CB2A2412670064FA39 /* SideMenuView.swift */,
				35AC97D32A243A990064FA39 /* SideMenuOptionRowView.swift */,
			);
			path = Views;
			sourceTree = "<group>";
		};
		35C199AC2A231E2300D71CB3 /* Views */ = {
			isa = PBXGroup;
			children = (
			);
			path = Views;
			sourceTree = "<group>";
		};
		35C199AD2A231E2A00D71CB3 /* ViewModels */ = {
			isa = PBXGroup;
			children = (
			);
			path = ViewModels;
			sourceTree = "<group>";
		};
		35C199AE2A231E3C00D71CB3 /* Users */ = {
			isa = PBXGroup;
			children = (
				35C199AF2A231E5200D71CB3 /* UserRowView.swift */,
				35AC97D12A2415460064FA39 /* UserStatsView.swift */,
			);
			path = Users;
			sourceTree = "<group>";
		};
/* End PBXGroup section */

/* Begin PBXNativeTarget section */
		3549201A2A22D29B0070C5A8 /* fittedV1 */ = {
			isa = PBXNativeTarget;
			buildConfigurationList = 3549203F2A22D2A10070C5A8 /* Build configuration list for PBXNativeTarget "fittedV1" */;
			buildPhases = (
				354920172A22D29B0070C5A8 /* Sources */,
				354920182A22D29B0070C5A8 /* Frameworks */,
				354920192A22D29B0070C5A8 /* Resources */,
			);
			buildRules = (
			);
			dependencies = (
			);
			name = fittedV1;
			productName = fittedV1;
			productReference = 3549201B2A22D29B0070C5A8 /* fittedV1.app */;
			productType = "com.apple.product-type.application";
		};
		3549202A2A22D2A10070C5A8 /* fittedV1Tests */ = {
			isa = PBXNativeTarget;
			buildConfigurationList = 354920422A22D2A10070C5A8 /* Build configuration list for PBXNativeTarget "fittedV1Tests" */;
			buildPhases = (
				354920272A22D2A10070C5A8 /* Sources */,
				354920282A22D2A10070C5A8 /* Frameworks */,
				354920292A22D2A10070C5A8 /* Resources */,
			);
			buildRules = (
			);
			dependencies = (
				3549202D2A22D2A10070C5A8 /* PBXTargetDependency */,
			);
			name = fittedV1Tests;
			productName = fittedV1Tests;
			productReference = 3549202B2A22D2A10070C5A8 /* fittedV1Tests.xctest */;
			productType = "com.apple.product-type.bundle.unit-test";
		};
		354920342A22D2A10070C5A8 /* fittedV1UITests */ = {
			isa = PBXNativeTarget;
			buildConfigurationList = 354920452A22D2A10070C5A8 /* Build configuration list for PBXNativeTarget "fittedV1UITests" */;
			buildPhases = (
				354920312A22D2A10070C5A8 /* Sources */,
				354920322A22D2A10070C5A8 /* Frameworks */,
				354920332A22D2A10070C5A8 /* Resources */,
			);
			buildRules = (
			);
			dependencies = (
				354920372A22D2A10070C5A8 /* PBXTargetDependency */,
			);
			name = fittedV1UITests;
			productName = fittedV1UITests;
			productReference = 354920352A22D2A10070C5A8 /* fittedV1UITests.xctest */;
			productType = "com.apple.product-type.bundle.ui-testing";
		};
/* End PBXNativeTarget section */

/* Begin PBXProject section */
		354920132A22D29B0070C5A8 /* Project object */ = {
			isa = PBXProject;
			attributes = {
				BuildIndependentTargetsInParallel = 1;
				LastSwiftUpdateCheck = 1430;
				LastUpgradeCheck = 1430;
				TargetAttributes = {
					3549201A2A22D29B0070C5A8 = {
						CreatedOnToolsVersion = 14.3;
					};
					3549202A2A22D2A10070C5A8 = {
						CreatedOnToolsVersion = 14.3;
						TestTargetID = 3549201A2A22D29B0070C5A8;
					};
					354920342A22D2A10070C5A8 = {
						CreatedOnToolsVersion = 14.3;
						TestTargetID = 3549201A2A22D29B0070C5A8;
					};
				};
			};
			buildConfigurationList = 354920162A22D29B0070C5A8 /* Build configuration list for PBXProject "fittedV1" */;
			compatibilityVersion = "Xcode 14.0";
			developmentRegion = en;
			hasScannedForEncodings = 0;
			knownRegions = (
				en,
				Base,
			);
			mainGroup = 354920122A22D29B0070C5A8;
			productRefGroup = 3549201C2A22D29B0070C5A8 /* Products */;
			projectDirPath = "";
			projectRoot = "";
			targets = (
				3549201A2A22D29B0070C5A8 /* fittedV1 */,
				3549202A2A22D2A10070C5A8 /* fittedV1Tests */,
				354920342A22D2A10070C5A8 /* fittedV1UITests */,
			);
		};
/* End PBXProject section */

/* Begin PBXResourcesBuildPhase section */
		354920192A22D29B0070C5A8 /* Resources */ = {
			isa = PBXResourcesBuildPhase;
			buildActionMask = 2147483647;
			files = (
				354920262A22D2A00070C5A8 /* Preview Assets.xcassets in Resources */,
				354920232A22D2A00070C5A8 /* Assets.xcassets in Resources */,
			);
			runOnlyForDeploymentPostprocessing = 0;
		};
		354920292A22D2A10070C5A8 /* Resources */ = {
			isa = PBXResourcesBuildPhase;
			buildActionMask = 2147483647;
			files = (
			);
			runOnlyForDeploymentPostprocessing = 0;
		};
		354920332A22D2A10070C5A8 /* Resources */ = {
			isa = PBXResourcesBuildPhase;
			buildActionMask = 2147483647;
			files = (
			);
			runOnlyForDeploymentPostprocessing = 0;
		};
/* End PBXResourcesBuildPhase section */

/* Begin PBXSourcesBuildPhase section */
		354920172A22D29B0070C5A8 /* Sources */ = {
			isa = PBXSourcesBuildPhase;
			buildActionMask = 2147483647;
			files = (
				354920652A22E9170070C5A8 /* MessagesView.swift in Sources */,
				3549206C2A22EC210070C5A8 /* ProfileView.swift in Sources */,
				354920212A22D29B0070C5A8 /* ContentView.swift in Sources */,
				354920582A22D68F0070C5A8 /* TweetsRowView.swift in Sources */,
				35C199AB2A230E3500D71CB3 /* TweetFilterViewModel.swift in Sources */,
				354920552A22D49A0070C5A8 /* FeedView.swift in Sources */,
				35AC97CC2A2412670064FA39 /* SideMenuView.swift in Sources */,
				3549201F2A22D29B0070C5A8 /* fittedV1App.swift in Sources */,
				354920612A22E89B0070C5A8 /* ExploreView.swift in Sources */,
				35AC97D02A2412860064FA39 /* SideMenuViewModel.swift in Sources */,
				35AC97D42A243A990064FA39 /* SideMenuOptionRowView.swift in Sources */,
				35C199B02A231E5200D71CB3 /* UserRowView.swift in Sources */,
				3549205B2A22E63C0070C5A8 /* MainTabView.swift in Sources */,
				354920682A22EA550070C5A8 /* NotificationsView.swift in Sources */,
				35AC97D22A2415460064FA39 /* UserStatsView.swift in Sources */,
			);
			runOnlyForDeploymentPostprocessing = 0;
		};
		354920272A22D2A10070C5A8 /* Sources */ = {
			isa = PBXSourcesBuildPhase;
			buildActionMask = 2147483647;
			files = (
				354920302A22D2A10070C5A8 /* fittedV1Tests.swift in Sources */,
			);
			runOnlyForDeploymentPostprocessing = 0;
		};
		354920312A22D2A10070C5A8 /* Sources */ = {
			isa = PBXSourcesBuildPhase;
			buildActionMask = 2147483647;
			files = (
				3549203C2A22D2A10070C5A8 /* fittedV1UITestsLaunchTests.swift in Sources */,
				3549203A2A22D2A10070C5A8 /* fittedV1UITests.swift in Sources */,
			);
			runOnlyForDeploymentPostprocessing = 0;
		};
/* End PBXSourcesBuildPhase section */

/* Begin PBXTargetDependency section */
		3549202D2A22D2A10070C5A8 /* PBXTargetDependency */ = {
			isa = PBXTargetDependency;
			target = 3549201A2A22D29B0070C5A8 /* fittedV1 */;
			targetProxy = 3549202C2A22D2A10070C5A8 /* PBXContainerItemProxy */;
		};
		354920372A22D2A10070C5A8 /* PBXTargetDependency */ = {
			isa = PBXTargetDependency;
			target = 3549201A2A22D29B0070C5A8 /* fittedV1 */;
			targetProxy = 354920362A22D2A10070C5A8 /* PBXContainerItemProxy */;
		};
/* End PBXTargetDependency section */

/* Begin XCBuildConfiguration section */
		3549203D2A22D2A10070C5A8 /* Debug */ = {
			isa = XCBuildConfiguration;
			buildSettings = {
				ALWAYS_SEARCH_USER_PATHS = NO;
				CLANG_ANALYZER_NONNULL = YES;
				CLANG_ANALYZER_NUMBER_OBJECT_CONVERSION = YES_AGGRESSIVE;
				CLANG_CXX_LANGUAGE_STANDARD = "gnu++20";
				CLANG_ENABLE_MODULES = YES;
				CLANG_ENABLE_OBJC_ARC = YES;
				CLANG_ENABLE_OBJC_WEAK = YES;
				CLANG_WARN_BLOCK_CAPTURE_AUTORELEASING = YES;
				CLANG_WARN_BOOL_CONVERSION = YES;
				CLANG_WARN_COMMA = YES;
				CLANG_WARN_CONSTANT_CONVERSION = YES;
				CLANG_WARN_DEPRECATED_OBJC_IMPLEMENTATIONS = YES;
				CLANG_WARN_DIRECT_OBJC_ISA_USAGE = YES_ERROR;
				CLANG_WARN_DOCUMENTATION_COMMENTS = YES;
				CLANG_WARN_EMPTY_BODY = YES;
				CLANG_WARN_ENUM_CONVERSION = YES;
				CLANG_WARN_INFINITE_RECURSION = YES;
				CLANG_WARN_INT_CONVERSION = YES;
				CLANG_WARN_NON_LITERAL_NULL_CONVERSION = YES;
				CLANG_WARN_OBJC_IMPLICIT_RETAIN_SELF = YES;
				CLANG_WARN_OBJC_LITERAL_CONVERSION = YES;
				CLANG_WARN_OBJC_ROOT_CLASS = YES_ERROR;
				CLANG_WARN_QUOTED_INCLUDE_IN_FRAMEWORK_HEADER = YES;
				CLANG_WARN_RANGE_LOOP_ANALYSIS = YES;
				CLANG_WARN_STRICT_PROTOTYPES = YES;
				CLANG_WARN_SUSPICIOUS_MOVE = YES;
				CLANG_WARN_UNGUARDED_AVAILABILITY = YES_AGGRESSIVE;
				CLANG_WARN_UNREACHABLE_CODE = YES;
				CLANG_WARN__DUPLICATE_METHOD_MATCH = YES;
				COPY_PHASE_STRIP = NO;
				DEBUG_INFORMATION_FORMAT = dwarf;
				ENABLE_STRICT_OBJC_MSGSEND = YES;
				ENABLE_TESTABILITY = YES;
				GCC_C_LANGUAGE_STANDARD = gnu11;
				GCC_DYNAMIC_NO_PIC = NO;
				GCC_NO_COMMON_BLOCKS = YES;
				GCC_OPTIMIZATION_LEVEL = 0;
				GCC_PREPROCESSOR_DEFINITIONS = (
					"DEBUG=1",
					"$(inherited)",
				);
				GCC_WARN_64_TO_32_BIT_CONVERSION = YES;
				GCC_WARN_ABOUT_RETURN_TYPE = YES_ERROR;
				GCC_WARN_UNDECLARED_SELECTOR = YES;
				GCC_WARN_UNINITIALIZED_AUTOS = YES_AGGRESSIVE;
				GCC_WARN_UNUSED_FUNCTION = YES;
				GCC_WARN_UNUSED_VARIABLE = YES;
				IPHONEOS_DEPLOYMENT_TARGET = 16.4;
				MTL_ENABLE_DEBUG_INFO = INCLUDE_SOURCE;
				MTL_FAST_MATH = YES;
				ONLY_ACTIVE_ARCH = YES;
				SDKROOT = iphoneos;
				SWIFT_ACTIVE_COMPILATION_CONDITIONS = DEBUG;
				SWIFT_OPTIMIZATION_LEVEL = "-Onone";
			};
			name = Debug;
		};
		3549203E2A22D2A10070C5A8 /* Release */ = {
			isa = XCBuildConfiguration;
			buildSettings = {
				ALWAYS_SEARCH_USER_PATHS = NO;
				CLANG_ANALYZER_NONNULL = YES;
				CLANG_ANALYZER_NUMBER_OBJECT_CONVERSION = YES_AGGRESSIVE;
				CLANG_CXX_LANGUAGE_STANDARD = "gnu++20";
				CLANG_ENABLE_MODULES = YES;
				CLANG_ENABLE_OBJC_ARC = YES;
				CLANG_ENABLE_OBJC_WEAK = YES;
				CLANG_WARN_BLOCK_CAPTURE_AUTORELEASING = YES;
				CLANG_WARN_BOOL_CONVERSION = YES;
				CLANG_WARN_COMMA = YES;
				CLANG_WARN_CONSTANT_CONVERSION = YES;
				CLANG_WARN_DEPRECATED_OBJC_IMPLEMENTATIONS = YES;
				CLANG_WARN_DIRECT_OBJC_ISA_USAGE = YES_ERROR;
				CLANG_WARN_DOCUMENTATION_COMMENTS = YES;
				CLANG_WARN_EMPTY_BODY = YES;
				CLANG_WARN_ENUM_CONVERSION = YES;
				CLANG_WARN_INFINITE_RECURSION = YES;
				CLANG_WARN_INT_CONVERSION = YES;
				CLANG_WARN_NON_LITERAL_NULL_CONVERSION = YES;
				CLANG_WARN_OBJC_IMPLICIT_RETAIN_SELF = YES;
				CLANG_WARN_OBJC_LITERAL_CONVERSION = YES;
				CLANG_WARN_OBJC_ROOT_CLASS = YES_ERROR;
				CLANG_WARN_QUOTED_INCLUDE_IN_FRAMEWORK_HEADER = YES;
				CLANG_WARN_RANGE_LOOP_ANALYSIS = YES;
				CLANG_WARN_STRICT_PROTOTYPES = YES;
				CLANG_WARN_SUSPICIOUS_MOVE = YES;
				CLANG_WARN_UNGUARDED_AVAILABILITY = YES_AGGRESSIVE;
				CLANG_WARN_UNREACHABLE_CODE = YES;
				CLANG_WARN__DUPLICATE_METHOD_MATCH = YES;
				COPY_PHASE_STRIP = NO;
				DEBUG_INFORMATION_FORMAT = "dwarf-with-dsym";
				ENABLE_NS_ASSERTIONS = NO;
				ENABLE_STRICT_OBJC_MSGSEND = YES;
				GCC_C_LANGUAGE_STANDARD = gnu11;
				GCC_NO_COMMON_BLOCKS = YES;
				GCC_WARN_64_TO_32_BIT_CONVERSION = YES;
				GCC_WARN_ABOUT_RETURN_TYPE = YES_ERROR;
				GCC_WARN_UNDECLARED_SELECTOR = YES;
				GCC_WARN_UNINITIALIZED_AUTOS = YES_AGGRESSIVE;
				GCC_WARN_UNUSED_FUNCTION = YES;
				GCC_WARN_UNUSED_VARIABLE = YES;
				IPHONEOS_DEPLOYMENT_TARGET = 16.4;
				MTL_ENABLE_DEBUG_INFO = NO;
				MTL_FAST_MATH = YES;
				SDKROOT = iphoneos;
				SWIFT_COMPILATION_MODE = wholemodule;
				SWIFT_OPTIMIZATION_LEVEL = "-O";
				VALIDATE_PRODUCT = YES;
			};
			name = Release;
		};
		354920402A22D2A10070C5A8 /* Debug */ = {
			isa = XCBuildConfiguration;
			buildSettings = {
				ASSETCATALOG_COMPILER_APPICON_NAME = AppIcon;
				ASSETCATALOG_COMPILER_GLOBAL_ACCENT_COLOR_NAME = AccentColor;
				CODE_SIGN_STYLE = Automatic;
				CURRENT_PROJECT_VERSION = 1;
				DEVELOPMENT_ASSET_PATHS = "\"fittedV1/Preview Content\"";
				DEVELOPMENT_TEAM = G6BN6U2T26;
				ENABLE_PREVIEWS = YES;
				GENERATE_INFOPLIST_FILE = YES;
				INFOPLIST_KEY_UIApplicationSceneManifest_Generation = YES;
				INFOPLIST_KEY_UIApplicationSupportsIndirectInputEvents = YES;
				INFOPLIST_KEY_UILaunchScreen_Generation = YES;
				INFOPLIST_KEY_UISupportedInterfaceOrientations_iPad = "UIInterfaceOrientationPortrait UIInterfaceOrientationPortraitUpsideDown UIInterfaceOrientationLandscapeLeft UIInterfaceOrientationLandscapeRight";
				INFOPLIST_KEY_UISupportedInterfaceOrientations_iPhone = "UIInterfaceOrientationPortrait UIInterfaceOrientationLandscapeLeft UIInterfaceOrientationLandscapeRight";
				LD_RUNPATH_SEARCH_PATHS = (
					"$(inherited)",
					"@executable_path/Frameworks",
				);
				MARKETING_VERSION = 1.0;
				PRODUCT_BUNDLE_IDENTIFIER = com.example.fittedV1;
				PRODUCT_NAME = "$(TARGET_NAME)";
				SWIFT_EMIT_LOC_STRINGS = YES;
				SWIFT_VERSION = 5.0;
				TARGETED_DEVICE_FAMILY = "1,2";
			};
			name = Debug;
		};
		354920412A22D2A10070C5A8 /* Release */ = {
			isa = XCBuildConfiguration;
			buildSettings = {
				ASSETCATALOG_COMPILER_APPICON_NAME = AppIcon;
				ASSETCATALOG_COMPILER_GLOBAL_ACCENT_COLOR_NAME = AccentColor;
				CODE_SIGN_STYLE = Automatic;
				CURRENT_PROJECT_VERSION = 1;
				DEVELOPMENT_ASSET_PATHS = "\"fittedV1/Preview Content\"";
				ENABLE_PREVIEWS = YES;
				GENERATE_INFOPLIST_FILE = YES;
				INFOPLIST_KEY_UIApplicationSceneManifest_Generation = YES;
				INFOPLIST_KEY_UIApplicationSupportsIndirectInputEvents = YES;
				INFOPLIST_KEY_UILaunchScreen_Generation = YES;
				INFOPLIST_KEY_UISupportedInterfaceOrientations_iPad = "UIInterfaceOrientationPortrait UIInterfaceOrientationPortraitUpsideDown UIInterfaceOrientationLandscapeLeft UIInterfaceOrientationLandscapeRight";
				INFOPLIST_KEY_UISupportedInterfaceOrientations_iPhone = "UIInterfaceOrientationPortrait UIInterfaceOrientationLandscapeLeft UIInterfaceOrientationLandscapeRight";
				LD_RUNPATH_SEARCH_PATHS = (
					"$(inherited)",
					"@executable_path/Frameworks",
				);
				MARKETING_VERSION = 1.0;
				PRODUCT_BUNDLE_IDENTIFIER = com.example.fittedV1;
				PRODUCT_NAME = "$(TARGET_NAME)";
				SWIFT_EMIT_LOC_STRINGS = YES;
				SWIFT_VERSION = 5.0;
				TARGETED_DEVICE_FAMILY = "1,2";
			};
			name = Release;
		};
		354920432A22D2A10070C5A8 /* Debug */ = {
			isa = XCBuildConfiguration;
			buildSettings = {
				ALWAYS_EMBED_SWIFT_STANDARD_LIBRARIES = YES;
				BUNDLE_LOADER = "$(TEST_HOST)";
				CODE_SIGN_STYLE = Automatic;
				CURRENT_PROJECT_VERSION = 1;
				GENERATE_INFOPLIST_FILE = YES;
				IPHONEOS_DEPLOYMENT_TARGET = 16.4;
				MARKETING_VERSION = 1.0;
				PRODUCT_BUNDLE_IDENTIFIER = com.example.fittedV1Tests;
				PRODUCT_NAME = "$(TARGET_NAME)";
				SWIFT_EMIT_LOC_STRINGS = NO;
				SWIFT_VERSION = 5.0;
				TARGETED_DEVICE_FAMILY = "1,2";
				TEST_HOST = "$(BUILT_PRODUCTS_DIR)/fittedV1.app/$(BUNDLE_EXECUTABLE_FOLDER_PATH)/fittedV1";
			};
			name = Debug;
		};
		354920442A22D2A10070C5A8 /* Release */ = {
			isa = XCBuildConfiguration;
			buildSettings = {
				ALWAYS_EMBED_SWIFT_STANDARD_LIBRARIES = YES;
				BUNDLE_LOADER = "$(TEST_HOST)";
				CODE_SIGN_STYLE = Automatic;
				CURRENT_PROJECT_VERSION = 1;
				GENERATE_INFOPLIST_FILE = YES;
				IPHONEOS_DEPLOYMENT_TARGET = 16.4;
				MARKETING_VERSION = 1.0;
				PRODUCT_BUNDLE_IDENTIFIER = com.example.fittedV1Tests;
				PRODUCT_NAME = "$(TARGET_NAME)";
				SWIFT_EMIT_LOC_STRINGS = NO;
				SWIFT_VERSION = 5.0;
				TARGETED_DEVICE_FAMILY = "1,2";
				TEST_HOST = "$(BUILT_PRODUCTS_DIR)/fittedV1.app/$(BUNDLE_EXECUTABLE_FOLDER_PATH)/fittedV1";
			};
			name = Release;
		};
		354920462A22D2A10070C5A8 /* Debug */ = {
			isa = XCBuildConfiguration;
			buildSettings = {
				ALWAYS_EMBED_SWIFT_STANDARD_LIBRARIES = YES;
				CODE_SIGN_STYLE = Automatic;
				CURRENT_PROJECT_VERSION = 1;
				GENERATE_INFOPLIST_FILE = YES;
				MARKETING_VERSION = 1.0;
				PRODUCT_BUNDLE_IDENTIFIER = com.example.fittedV1UITests;
				PRODUCT_NAME = "$(TARGET_NAME)";
				SWIFT_EMIT_LOC_STRINGS = NO;
				SWIFT_VERSION = 5.0;
				TARGETED_DEVICE_FAMILY = "1,2";
				TEST_TARGET_NAME = fittedV1;
			};
			name = Debug;
		};
		354920472A22D2A10070C5A8 /* Release */ = {
			isa = XCBuildConfiguration;
			buildSettings = {
				ALWAYS_EMBED_SWIFT_STANDARD_LIBRARIES = YES;
				CODE_SIGN_STYLE = Automatic;
				CURRENT_PROJECT_VERSION = 1;
				GENERATE_INFOPLIST_FILE = YES;
				MARKETING_VERSION = 1.0;
				PRODUCT_BUNDLE_IDENTIFIER = com.example.fittedV1UITests;
				PRODUCT_NAME = "$(TARGET_NAME)";
				SWIFT_EMIT_LOC_STRINGS = NO;
				SWIFT_VERSION = 5.0;
				TARGETED_DEVICE_FAMILY = "1,2";
				TEST_TARGET_NAME = fittedV1;
			};
			name = Release;
		};
/* End XCBuildConfiguration section */

/* Begin XCConfigurationList section */
		354920162A22D29B0070C5A8 /* Build configuration list for PBXProject "fittedV1" */ = {
			isa = XCConfigurationList;
			buildConfigurations = (
				3549203D2A22D2A10070C5A8 /* Debug */,
				3549203E2A22D2A10070C5A8 /* Release */,
			);
			defaultConfigurationIsVisible = 0;
			defaultConfigurationName = Release;
		};
		3549203F2A22D2A10070C5A8 /* Build configuration list for PBXNativeTarget "fittedV1" */ = {
			isa = XCConfigurationList;
			buildConfigurations = (
				354920402A22D2A10070C5A8 /* Debug */,
				354920412A22D2A10070C5A8 /* Release */,
			);
			defaultConfigurationIsVisible = 0;
			defaultConfigurationName = Release;
		};
		354920422A22D2A10070C5A8 /* Build configuration list for PBXNativeTarget "fittedV1Tests" */ = {
			isa = XCConfigurationList;
			buildConfigurations = (
				354920432A22D2A10070C5A8 /* Debug */,
				354920442A22D2A10070C5A8 /* Release */,
			);
			defaultConfigurationIsVisible = 0;
			defaultConfigurationName = Release;
		};
		354920452A22D2A10070C5A8 /* Build configuration list for PBXNativeTarget "fittedV1UITests" */ = {
			isa = XCConfigurationList;
			buildConfigurations = (
				354920462A22D2A10070C5A8 /* Debug */,
				354920472A22D2A10070C5A8 /* Release */,
			);
			defaultConfigurationIsVisible = 0;
			defaultConfigurationName = Release;
		};
/* End XCConfigurationList section */
	};
	rootObject = 354920132A22D29B0070C5A8 /* Project object */;
}
